
Microsoft Visual Studio Solution File, Format Version 12.00
# Visual Studio 2012
Project("{FAE04EC0-301F-11D3-BF4B-00C04F79EFBC}") = "EventsAndDelegates", "EventsAndDelegates\EventsAndDelegates.csproj", "{8FD4515C-09AA-4BBF-A7E6-53F6F15F90AF}"
	ProjectSection(ProjectDependencies) = postProject
		{80DDE767-AF07-44FF-B110-A0EC56F6FBBF} = {80DDE767-AF07-44FF-B110-A0EC56F6FBBF}
	EndProjectSection
EndProject
Project("{FAE04EC0-301F-11D3-BF4B-00C04F79EFBC}") = "PluginsLib", "PluginsLib\PluginsLib.csproj", "{80DDE767-AF07-44FF-B110-A0EC56F6FBBF}"
EndProject
Project("{FAE04EC0-301F-11D3-BF4B-00C04F79EFBC}") = "PluginsShared", "PluginsShared\PluginsShared.csproj", "{ECE060E8-29B6-4B50-B4CA-04205C7C1729}"
EndProject
Project("{FAE04EC0-301F-11D3-BF4B-00C04F79EFBC}") = "UnitTest", "UnitTest\UnitTest.csproj", "{54255791-1FDA-4298-9231-4C9B653C35DD}"
EndProject
Global
	GlobalSection(SolutionConfigurationPlatforms) = preSolution
		Debug|Any CPU = Debug|Any CPU
		Release|Any CPU = Release|Any CPU
	EndGlobalSection
	GlobalSection(ProjectConfigurationPlatforms) = postSolution
		{8FD4515C-09AA-4BBF-A7E6-53F6F15F90AF}.Debug|Any CPU.ActiveCfg = Debug|Any CPU
		{8FD4515C-09AA-4BBF-A7E6-53F6F15F90AF}.Debug|Any CPU.Build.0 = Debug|Any CPU
		{8FD4515C-09AA-4BBF-A7E6-53F6F15F90AF}.Release|Any CPU.ActiveCfg = Release|Any CPU
		{8FD4515C-09AA-4BBF-A7E6-53F6F15F90AF}.Release|Any CPU.Build.0 = Release|Any CPU
		{80DDE767-AF07-44FF-B110-A0EC56F6FBBF}.Debug|Any CPU.ActiveCfg = Debug|Any CPU
		{80DDE767-AF07-44FF-B110-A0EC56F6FBBF}.Debug|Any CPU.Build.0 = Debug|Any CPU
		{80DDE767-AF07-44FF-B110-A0EC56F6FBBF}.Release|Any CPU.ActiveCfg = Release|Any CPU
		{80DDE767-AF07-44FF-B110-A0EC56F6FBBF}.Release|Any CPU.Build.0 = Release|Any CPU
		{ECE060E8-29B6-4B50-B4CA-04205C7C1729}.Debug|Any CPU.ActiveCfg = Debug|Any CPU
		{ECE060E8-29B6-4B50-B4CA-04205C7C1729}.Debug|Any CPU.Build.0 = Debug|Any CPU
		{ECE060E8-29B6-4B50-B4CA-04205C7C1729}.Release|Any CPU.ActiveCfg = Release|Any CPU
		{ECE060E8-29B6-4B50-B4CA-04205C7C1729}.Release|Any CPU.Build.0 = Release|Any CPU
		{54255791-1FDA-4298-9231-4C9B653C35DD}.Debug|Any CPU.ActiveCfg = Debug|Any CPU
		{54255791-1FDA-4298-9231-4C9B653C35DD}.Debug|Any CPU.Build.0 = Debug|Any CPU
		{54255791-1FDA-4298-9231-4C9B653C35DD}.Release|Any CPU.ActiveCfg = Release|Any CPU
		{54255791-1FDA-4298-9231-4C9B653C35DD}.Release|Any CPU.Build.0 = Release|Any CPU
	EndGlobalSection
	GlobalSection(SolutionProperties) = preSolution
		HideSolutionNode = FALSE
	EndGlobalSection
EndGlobal
